
Microsoft Visual Studio Solution File, Format Version 12.00
Project("{FAE04EC0-301F-11D3-BF4B-00C04F79EFBC}") = "BMI", "BMI\BMI.csproj", "{C7784DF4-662C-4335-A2F2-847DCD0AF0B7}"
EndProject
Project("{FAE04EC0-301F-11D3-BF4B-00C04F79EFBC}") = "BMIUnitTest", "BMIUnitTest\BMIUnitTest.csproj", "{03FA4995-2E92-4B6E-857F-94B42B2D435D}"
EndProject
Global
	GlobalSection(SolutionConfigurationPlatforms) = preSolution
		Debug|Any CPU = Debug|Any CPU
		Release|Any CPU = Release|Any CPU
	EndGlobalSection
	GlobalSection(ProjectConfigurationPlatforms) = postSolution
		{C7784DF4-662C-4335-A2F2-847DCD0AF0B7}.Debug|Any CPU.ActiveCfg = Debug|Any CPU
		{C7784DF4-662C-4335-A2F2-847DCD0AF0B7}.Debug|Any CPU.Build.0 = Debug|Any CPU
		{C7784DF4-662C-4335-A2F2-847DCD0AF0B7}.Release|Any CPU.ActiveCfg = Release|Any CPU
		{C7784DF4-662C-4335-A2F2-847DCD0AF0B7}.Release|Any CPU.Build.0 = Release|Any CPU
		{03FA4995-2E92-4B6E-857F-94B42B2D435D}.Debug|Any CPU.ActiveCfg = Debug|Any CPU
		{03FA4995-2E92-4B6E-857F-94B42B2D435D}.Debug|Any CPU.Build.0 = Debug|Any CPU
		{03FA4995-2E92-4B6E-857F-94B42B2D435D}.Release|Any CPU.ActiveCfg = Release|Any CPU
		{03FA4995-2E92-4B6E-857F-94B42B2D435D}.Release|Any CPU.Build.0 = Release|Any CPU
	EndGlobalSection
EndGlobal
